
Microsoft Visual Studio Solution File, Format Version 12.00
# Visual Studio Version 17
VisualStudioVersion = 17.2.32630.192
MinimumVisualStudioVersion = 10.0.40219.1
Project("{9A19103F-16F7-4668-BE54-9A1E7A4F7556}") = "MSA.Phase2.AmazingApi", "MSA.Phase2.AmazingApi\MSA.Phase2.AmazingApi.csproj", "{6C88785B-DFDB-4A8D-A341-FB2938F198BF}"
EndProject
Project("{FAE04EC0-301F-11D3-BF4B-00C04F79EFBC}") = "MSA.Phase2.UnitTesting", "MSA.Phase2.UnitTesting\MSA.Phase2.UnitTesting.csproj", "{191174FF-CDB4-46BD-BB9F-AE33824BE21D}"
EndProject
Global
	GlobalSection(SolutionConfigurationPlatforms) = preSolution
		Debug|Any CPU = Debug|Any CPU
		Release|Any CPU = Release|Any CPU
	EndGlobalSection
	GlobalSection(ProjectConfigurationPlatforms) = postSolution
		{6C88785B-DFDB-4A8D-A341-FB2938F198BF}.Debug|Any CPU.ActiveCfg = Debug|Any CPU
		{6C88785B-DFDB-4A8D-A341-FB2938F198BF}.Debug|Any CPU.Build.0 = Debug|Any CPU
		{6C88785B-DFDB-4A8D-A341-FB2938F198BF}.Release|Any CPU.ActiveCfg = Release|Any CPU
		{6C88785B-DFDB-4A8D-A341-FB2938F198BF}.Release|Any CPU.Build.0 = Release|Any CPU
		{191174FF-CDB4-46BD-BB9F-AE33824BE21D}.Debug|Any CPU.ActiveCfg = Debug|Any CPU
		{191174FF-CDB4-46BD-BB9F-AE33824BE21D}.Debug|Any CPU.Build.0 = Debug|Any CPU
		{191174FF-CDB4-46BD-BB9F-AE33824BE21D}.Release|Any CPU.ActiveCfg = Release|Any CPU
		{191174FF-CDB4-46BD-BB9F-AE33824BE21D}.Release|Any CPU.Build.0 = Release|Any CPU
	EndGlobalSection
	GlobalSection(SolutionProperties) = preSolution
		HideSolutionNode = FALSE
	EndGlobalSection
	GlobalSection(ExtensibilityGlobals) = postSolution
		SolutionGuid = {4128EFD7-2731-43D9-9A6F-19BAAC172A26}
	EndGlobalSection
EndGlobal
